
Microsoft Visual Studio Solution File, Format Version 12.00
# Visual Studio Version 17
VisualStudioVersion = 17.8.34601.278
MinimumVisualStudioVersion = 10.0.40219.1
Project("{778DAE3C-4631-46EA-AA77-85C1314464D9}") = "VBIntroModule1", "ConsoleApp1\VBIntroModule1.vbproj", "{553FA9C5-A9CE-46C5-8FB2-395E8FB51382}"
EndProject
Project("{F184B08F-C81C-45F6-A57F-5ABD9991F28F}") = "VBIntroModule2", "VBIntroModule2\VBIntroModule2.vbproj", "{163D6740-C53F-4401-9A20-E84D634CA0ED}"
EndProject
Project("{F184B08F-C81C-45F6-A57F-5ABD9991F28F}") = "VBIntroModule3", "VBIntroModule3\VBIntroModule3.vbproj", "{3F8A8A52-0B84-440F-9B33-B96A4B9868FC}"
EndProject
Global
	GlobalSection(SolutionConfigurationPlatforms) = preSolution
		Debug|Any CPU = Debug|Any CPU
		Release|Any CPU = Release|Any CPU
	EndGlobalSection
	GlobalSection(ProjectConfigurationPlatforms) = postSolution
		{553FA9C5-A9CE-46C5-8FB2-395E8FB51382}.Debug|Any CPU.ActiveCfg = Debug|Any CPU
		{553FA9C5-A9CE-46C5-8FB2-395E8FB51382}.Debug|Any CPU.Build.0 = Debug|Any CPU
		{553FA9C5-A9CE-46C5-8FB2-395E8FB51382}.Release|Any CPU.ActiveCfg = Release|Any CPU
		{553FA9C5-A9CE-46C5-8FB2-395E8FB51382}.Release|Any CPU.Build.0 = Release|Any CPU
		{163D6740-C53F-4401-9A20-E84D634CA0ED}.Debug|Any CPU.ActiveCfg = Debug|Any CPU
		{163D6740-C53F-4401-9A20-E84D634CA0ED}.Debug|Any CPU.Build.0 = Debug|Any CPU
		{163D6740-C53F-4401-9A20-E84D634CA0ED}.Release|Any CPU.ActiveCfg = Release|Any CPU
		{163D6740-C53F-4401-9A20-E84D634CA0ED}.Release|Any CPU.Build.0 = Release|Any CPU
		{3F8A8A52-0B84-440F-9B33-B96A4B9868FC}.Debug|Any CPU.ActiveCfg = Debug|Any CPU
		{3F8A8A52-0B84-440F-9B33-B96A4B9868FC}.Debug|Any CPU.Build.0 = Debug|Any CPU
		{3F8A8A52-0B84-440F-9B33-B96A4B9868FC}.Release|Any CPU.ActiveCfg = Release|Any CPU
		{3F8A8A52-0B84-440F-9B33-B96A4B9868FC}.Release|Any CPU.Build.0 = Release|Any CPU
	EndGlobalSection
	GlobalSection(SolutionProperties) = preSolution
		HideSolutionNode = FALSE
	EndGlobalSection
	GlobalSection(ExtensibilityGlobals) = postSolution
		SolutionGuid = {F5709B37-E2E5-4094-8AEA-172407129BBD}
	EndGlobalSection
EndGlobal
